// !$*UTF8*$!
{
	archiveVersion = 1;
	classes = {
	};
	objectVersion = 77;
	objects = {

/* Begin PBXBuildFile section */
		1702AFB72CE5DBFF00E25CD2 /* FirebaseAnalytics in Frameworks */ = {isa = PBXBuildFile; productRef = 1702AFB62CE5DBFF00E25CD2 /* FirebaseAnalytics */; };
		172FE59F2CF84C1C00FA3E4C /* WidgetKit.framework in Frameworks */ = {isa = PBXBuildFile; fileRef = 172FE59E2CF84C1C00FA3E4C /* WidgetKit.framework */; };
		172FE5A12CF84C1C00FA3E4C /* SwiftUI.framework in Frameworks */ = {isa = PBXBuildFile; fileRef = 172FE5A02CF84C1C00FA3E4C /* SwiftUI.framework */; };
		172FE5B22CF84C1E00FA3E4C /* DataUsageMonitorExtension.appex in Embed Foundation Extensions */ = {isa = PBXBuildFile; fileRef = 172FE59D2CF84C1C00FA3E4C /* DataUsageMonitorExtension.appex */; settings = {ATTRIBUTES = (RemoveHeadersOnCopy, ); }; };
		172FE5CE2CF951FD00FA3E4C /* SystemDataUsage.swift in Sources */ = {isa = PBXBuildFile; fileRef = 172FE5CD2CF951E900FA3E4C /* SystemDataUsage.swift */; };
		172FE5CF2CF951FD00FA3E4C /* SystemDataUsage.swift in Sources */ = {isa = PBXBuildFile; fileRef = 172FE5CD2CF951E900FA3E4C /* SystemDataUsage.swift */; };
		172FE5D12CF9523E00FA3E4C /* MobileDataFunc.swift in Sources */ = {isa = PBXBuildFile; fileRef = 172FE5D02CF9523400FA3E4C /* MobileDataFunc.swift */; };
		172FE5D22CF9523E00FA3E4C /* MobileDataFunc.swift in Sources */ = {isa = PBXBuildFile; fileRef = 172FE5D02CF9523400FA3E4C /* MobileDataFunc.swift */; };
		172FE5D72CF958BD00FA3E4C /* UserDefaultsExtension.swift in Sources */ = {isa = PBXBuildFile; fileRef = 172FE5D62CF958BB00FA3E4C /* UserDefaultsExtension.swift */; };
		172FE5D82CF958BD00FA3E4C /* UserDefaultsExtension.swift in Sources */ = {isa = PBXBuildFile; fileRef = 172FE5D62CF958BB00FA3E4C /* UserDefaultsExtension.swift */; };
		172FE88F2D0181CE00FA3E4C /* DataUsagePrediction.swift in Sources */ = {isa = PBXBuildFile; fileRef = 172FE88E2D0181C700FA3E4C /* DataUsagePrediction.swift */; };
		172FE8902D0181CE00FA3E4C /* DataUsagePrediction.swift in Sources */ = {isa = PBXBuildFile; fileRef = 172FE88E2D0181C700FA3E4C /* DataUsagePrediction.swift */; };
		172FEADC2D06CDFC00FA3E4C /* Identifier.swift in Sources */ = {isa = PBXBuildFile; fileRef = 172FE63B2CF9942200FA3E4C /* Identifier.swift */; };
		172FEADD2D06CDFC00FA3E4C /* Identifier.swift in Sources */ = {isa = PBXBuildFile; fileRef = 172FE63B2CF9942200FA3E4C /* Identifier.swift */; };
		175F4FB32CC61DAF00E4E4FE /* FirebaseCore in Frameworks */ = {isa = PBXBuildFile; productRef = 175F4FB22CC61DAF00E4E4FE /* FirebaseCore */; };
		4720F2A12CFD76530059D56B /* (null) in Sources */ = {isa = PBXBuildFile; };
/* End PBXBuildFile section */

/* Begin PBXContainerItemProxy section */
		172FE5B02CF84C1E00FA3E4C /* PBXContainerItemProxy */ = {
			isa = PBXContainerItemProxy;
			containerPortal = 4773A54B2CC0F01300CCD0B2 /* Project object */;
			proxyType = 1;
			remoteGlobalIDString = 172FE59C2CF84C1C00FA3E4C;
			remoteInfo = DataUsageMonitorExtension;
		};
		4773A5642CC0F01600CCD0B2 /* PBXContainerItemProxy */ = {
			isa = PBXContainerItemProxy;
			containerPortal = 4773A54B2CC0F01300CCD0B2 /* Project object */;
			proxyType = 1;
			remoteGlobalIDString = 4773A5522CC0F01300CCD0B2;
			remoteInfo = GigaNeko;
		};
		4773A56E2CC0F01600CCD0B2 /* PBXContainerItemProxy */ = {
			isa = PBXContainerItemProxy;
			containerPortal = 4773A54B2CC0F01300CCD0B2 /* Project object */;
			proxyType = 1;
			remoteGlobalIDString = 4773A5522CC0F01300CCD0B2;
			remoteInfo = GigaNeko;
		};
/* End PBXContainerItemProxy section */

/* Begin PBXCopyFilesBuildPhase section */
		172FE5B72CF84C1E00FA3E4C /* Embed Foundation Extensions */ = {
			isa = PBXCopyFilesBuildPhase;
			buildActionMask = 2147483647;
			dstPath = "";
			dstSubfolderSpec = 13;
			files = (
				172FE5B22CF84C1E00FA3E4C /* DataUsageMonitorExtension.appex in Embed Foundation Extensions */,
			);
			name = "Embed Foundation Extensions";
			runOnlyForDeploymentPostprocessing = 0;
		};
/* End PBXCopyFilesBuildPhase section */

/* Begin PBXFileReference section */
		172FE59D2CF84C1C00FA3E4C /* DataUsageMonitorExtension.appex */ = {isa = PBXFileReference; explicitFileType = "wrapper.app-extension"; includeInIndex = 0; path = DataUsageMonitorExtension.appex; sourceTree = BUILT_PRODUCTS_DIR; };
		172FE59E2CF84C1C00FA3E4C /* WidgetKit.framework */ = {isa = PBXFileReference; lastKnownFileType = wrapper.framework; name = WidgetKit.framework; path = System/Library/Frameworks/WidgetKit.framework; sourceTree = SDKROOT; };
		172FE5A02CF84C1C00FA3E4C /* SwiftUI.framework */ = {isa = PBXFileReference; lastKnownFileType = wrapper.framework; name = SwiftUI.framework; path = System/Library/Frameworks/SwiftUI.framework; sourceTree = SDKROOT; };
		172FE5CD2CF951E900FA3E4C /* SystemDataUsage.swift */ = {isa = PBXFileReference; lastKnownFileType = sourcecode.swift; path = SystemDataUsage.swift; sourceTree = "<group>"; };
		172FE5D02CF9523400FA3E4C /* MobileDataFunc.swift */ = {isa = PBXFileReference; lastKnownFileType = sourcecode.swift; path = MobileDataFunc.swift; sourceTree = "<group>"; };
		172FE5D62CF958BB00FA3E4C /* UserDefaultsExtension.swift */ = {isa = PBXFileReference; lastKnownFileType = sourcecode.swift; path = UserDefaultsExtension.swift; sourceTree = "<group>"; };
		172FE5D92CF95F6D00FA3E4C /* DataUsageMonitorExtension.entitlements */ = {isa = PBXFileReference; lastKnownFileType = text.plist.entitlements; path = DataUsageMonitorExtension.entitlements; sourceTree = "<group>"; };
		172FE63B2CF9942200FA3E4C /* Identifier.swift */ = {isa = PBXFileReference; lastKnownFileType = sourcecode.swift; path = Identifier.swift; sourceTree = "<group>"; };
		172FE88E2D0181C700FA3E4C /* DataUsagePrediction.swift */ = {isa = PBXFileReference; lastKnownFileType = sourcecode.swift; path = DataUsagePrediction.swift; sourceTree = "<group>"; };
		4773A5532CC0F01300CCD0B2 /* GigaNeko.app */ = {isa = PBXFileReference; explicitFileType = wrapper.application; includeInIndex = 0; path = GigaNeko.app; sourceTree = BUILT_PRODUCTS_DIR; };
		4773A5632CC0F01600CCD0B2 /* GigaNekoTests.xctest */ = {isa = PBXFileReference; explicitFileType = wrapper.cfbundle; includeInIndex = 0; path = GigaNekoTests.xctest; sourceTree = BUILT_PRODUCTS_DIR; };
		4773A56D2CC0F01600CCD0B2 /* GigaNekoUITests.xctest */ = {isa = PBXFileReference; explicitFileType = wrapper.cfbundle; includeInIndex = 0; path = GigaNekoUITests.xctest; sourceTree = BUILT_PRODUCTS_DIR; };
/* End PBXFileReference section */

/* Begin PBXFileSystemSynchronizedBuildFileExceptionSet section */
		1702AECF2CD353A100E25CD2 /* Exceptions for "GigaNeko" folder in "GigaNeko" target */ = {
			isa = PBXFileSystemSynchronizedBuildFileExceptionSet;
			membershipExceptions = (
				Info.plist,
			);
			target = 4773A5522CC0F01300CCD0B2 /* GigaNeko */;
		};
		172FE5B62CF84C1E00FA3E4C /* Exceptions for "DataUsageMonitor" folder in "DataUsageMonitorExtension" target */ = {
			isa = PBXFileSystemSynchronizedBuildFileExceptionSet;
			membershipExceptions = (
				Info.plist,
			);
			target = 172FE59C2CF84C1C00FA3E4C /* DataUsageMonitorExtension */;
		};
		172FE5BB2CF853B500FA3E4C /* Exceptions for "DataUsageMonitor" folder in "GigaNeko" target */ = {
			isa = PBXFileSystemSynchronizedBuildFileExceptionSet;
			membershipExceptions = (
				DataUsageMonitorLiveActivity.swift,
			);
			target = 4773A5522CC0F01300CCD0B2 /* GigaNeko */;
		};
/* End PBXFileSystemSynchronizedBuildFileExceptionSet section */

/* Begin PBXFileSystemSynchronizedRootGroup section */
		172FE5A22CF84C1C00FA3E4C /* DataUsageMonitor */ = {
			isa = PBXFileSystemSynchronizedRootGroup;
			exceptions = (
				172FE5BB2CF853B500FA3E4C /* Exceptions for "DataUsageMonitor" folder in "GigaNeko" target */,
				172FE5B62CF84C1E00FA3E4C /* Exceptions for "DataUsageMonitor" folder in "DataUsageMonitorExtension" target */,
			);
			path = DataUsageMonitor;
			sourceTree = "<group>";
		};
		4773A5552CC0F01300CCD0B2 /* GigaNeko */ = {
			isa = PBXFileSystemSynchronizedRootGroup;
			exceptions = (
				1702AECF2CD353A100E25CD2 /* Exceptions for "GigaNeko" folder in "GigaNeko" target */,
			);
			path = GigaNeko;
			sourceTree = "<group>";
		};
		4773A5662CC0F01600CCD0B2 /* GigaNekoTests */ = {
			isa = PBXFileSystemSynchronizedRootGroup;
			path = GigaNekoTests;
			sourceTree = "<group>";
		};
		4773A5702CC0F01600CCD0B2 /* GigaNekoUITests */ = {
			isa = PBXFileSystemSynchronizedRootGroup;
			path = GigaNekoUITests;
			sourceTree = "<group>";
		};
/* End PBXFileSystemSynchronizedRootGroup section */

/* Begin PBXFrameworksBuildPhase section */
		172FE59A2CF84C1C00FA3E4C /* Frameworks */ = {
			isa = PBXFrameworksBuildPhase;
			buildActionMask = 2147483647;
			files = (
				172FE5A12CF84C1C00FA3E4C /* SwiftUI.framework in Frameworks */,
				172FE59F2CF84C1C00FA3E4C /* WidgetKit.framework in Frameworks */,
			);
			runOnlyForDeploymentPostprocessing = 0;
		};
		4773A5502CC0F01300CCD0B2 /* Frameworks */ = {
			isa = PBXFrameworksBuildPhase;
			buildActionMask = 2147483647;
			files = (
				175F4FB32CC61DAF00E4E4FE /* FirebaseCore in Frameworks */,
				1702AFB72CE5DBFF00E25CD2 /* FirebaseAnalytics in Frameworks */,
			);
			runOnlyForDeploymentPostprocessing = 0;
		};
		4773A5602CC0F01600CCD0B2 /* Frameworks */ = {
			isa = PBXFrameworksBuildPhase;
			buildActionMask = 2147483647;
			files = (
			);
			runOnlyForDeploymentPostprocessing = 0;
		};
		4773A56A2CC0F01600CCD0B2 /* Frameworks */ = {
			isa = PBXFrameworksBuildPhase;
			buildActionMask = 2147483647;
			files = (
			);
			runOnlyForDeploymentPostprocessing = 0;
		};
/* End PBXFrameworksBuildPhase section */

/* Begin PBXGroup section */
		172FE5CC2CF951B200FA3E4C /* GigaNekoShared */ = {
			isa = PBXGroup;
			children = (
				172FE88E2D0181C700FA3E4C /* DataUsagePrediction.swift */,
				172FE63B2CF9942200FA3E4C /* Identifier.swift */,
				172FE5D62CF958BB00FA3E4C /* UserDefaultsExtension.swift */,
				172FE5D02CF9523400FA3E4C /* MobileDataFunc.swift */,
				172FE5CD2CF951E900FA3E4C /* SystemDataUsage.swift */,
			);
			path = GigaNekoShared;
			sourceTree = "<group>";
		};
		4773A54A2CC0F01300CCD0B2 = {
			isa = PBXGroup;
			children = (
				172FE5D92CF95F6D00FA3E4C /* DataUsageMonitorExtension.entitlements */,
				172FE5CC2CF951B200FA3E4C /* GigaNekoShared */,
				4773A5552CC0F01300CCD0B2 /* GigaNeko */,
				4773A5662CC0F01600CCD0B2 /* GigaNekoTests */,
				4773A5702CC0F01600CCD0B2 /* GigaNekoUITests */,
				172FE5A22CF84C1C00FA3E4C /* DataUsageMonitor */,
				47DB508C2CC22DF100F6FB2D /* Frameworks */,
				4773A5542CC0F01300CCD0B2 /* Products */,
			);
			sourceTree = "<group>";
		};
		4773A5542CC0F01300CCD0B2 /* Products */ = {
			isa = PBXGroup;
			children = (
				4773A5532CC0F01300CCD0B2 /* GigaNeko.app */,
				4773A5632CC0F01600CCD0B2 /* GigaNekoTests.xctest */,
				4773A56D2CC0F01600CCD0B2 /* GigaNekoUITests.xctest */,
				172FE59D2CF84C1C00FA3E4C /* DataUsageMonitorExtension.appex */,
			);
			name = Products;
			sourceTree = "<group>";
		};
		47DB508C2CC22DF100F6FB2D /* Frameworks */ = {
			isa = PBXGroup;
			children = (
				172FE59E2CF84C1C00FA3E4C /* WidgetKit.framework */,
				172FE5A02CF84C1C00FA3E4C /* SwiftUI.framework */,
			);
			name = Frameworks;
			sourceTree = "<group>";
		};
/* End PBXGroup section */

/* Begin PBXNativeTarget section */
		172FE59C2CF84C1C00FA3E4C /* DataUsageMonitorExtension */ = {
			isa = PBXNativeTarget;
			buildConfigurationList = 172FE5B32CF84C1E00FA3E4C /* Build configuration list for PBXNativeTarget "DataUsageMonitorExtension" */;
			buildPhases = (
				172FE5992CF84C1C00FA3E4C /* Sources */,
				172FE59A2CF84C1C00FA3E4C /* Frameworks */,
				172FE59B2CF84C1C00FA3E4C /* Resources */,
			);
			buildRules = (
			);
			dependencies = (
			);
			fileSystemSynchronizedGroups = (
				172FE5A22CF84C1C00FA3E4C /* DataUsageMonitor */,
			);
			name = DataUsageMonitorExtension;
			packageProductDependencies = (
			);
			productName = DataUsageMonitorExtension;
			productReference = 172FE59D2CF84C1C00FA3E4C /* DataUsageMonitorExtension.appex */;
			productType = "com.apple.product-type.app-extension";
		};
		4773A5522CC0F01300CCD0B2 /* GigaNeko */ = {
			isa = PBXNativeTarget;
			buildConfigurationList = 4773A5772CC0F01600CCD0B2 /* Build configuration list for PBXNativeTarget "GigaNeko" */;
			buildPhases = (
				4773A54F2CC0F01300CCD0B2 /* Sources */,
				4773A5502CC0F01300CCD0B2 /* Frameworks */,
				4773A5512CC0F01300CCD0B2 /* Resources */,
				172FE5B72CF84C1E00FA3E4C /* Embed Foundation Extensions */,
			);
			buildRules = (
			);
			dependencies = (
				172FE5B12CF84C1E00FA3E4C /* PBXTargetDependency */,
			);
			fileSystemSynchronizedGroups = (
				4773A5552CC0F01300CCD0B2 /* GigaNeko */,
			);
			name = GigaNeko;
			packageProductDependencies = (
				175F4FB22CC61DAF00E4E4FE /* FirebaseCore */,
				1702AFB62CE5DBFF00E25CD2 /* FirebaseAnalytics */,
			);
			productName = GigaNeko;
			productReference = 4773A5532CC0F01300CCD0B2 /* GigaNeko.app */;
			productType = "com.apple.product-type.application";
		};
		4773A5622CC0F01600CCD0B2 /* GigaNekoTests */ = {
			isa = PBXNativeTarget;
			buildConfigurationList = 4773A57A2CC0F01600CCD0B2 /* Build configuration list for PBXNativeTarget "GigaNekoTests" */;
			buildPhases = (
				4773A55F2CC0F01600CCD0B2 /* Sources */,
				4773A5602CC0F01600CCD0B2 /* Frameworks */,
				4773A5612CC0F01600CCD0B2 /* Resources */,
			);
			buildRules = (
			);
			dependencies = (
				4773A5652CC0F01600CCD0B2 /* PBXTargetDependency */,
			);
			fileSystemSynchronizedGroups = (
				4773A5662CC0F01600CCD0B2 /* GigaNekoTests */,
			);
			name = GigaNekoTests;
			packageProductDependencies = (
			);
			productName = GigaNekoTests;
			productReference = 4773A5632CC0F01600CCD0B2 /* GigaNekoTests.xctest */;
			productType = "com.apple.product-type.bundle.unit-test";
		};
		4773A56C2CC0F01600CCD0B2 /* GigaNekoUITests */ = {
			isa = PBXNativeTarget;
			buildConfigurationList = 4773A57D2CC0F01600CCD0B2 /* Build configuration list for PBXNativeTarget "GigaNekoUITests" */;
			buildPhases = (
				4773A5692CC0F01600CCD0B2 /* Sources */,
				4773A56A2CC0F01600CCD0B2 /* Frameworks */,
				4773A56B2CC0F01600CCD0B2 /* Resources */,
			);
			buildRules = (
			);
			dependencies = (
				4773A56F2CC0F01600CCD0B2 /* PBXTargetDependency */,
			);
			fileSystemSynchronizedGroups = (
				4773A5702CC0F01600CCD0B2 /* GigaNekoUITests */,
			);
			name = GigaNekoUITests;
			packageProductDependencies = (
			);
			productName = GigaNekoUITests;
			productReference = 4773A56D2CC0F01600CCD0B2 /* GigaNekoUITests.xctest */;
			productType = "com.apple.product-type.bundle.ui-testing";
		};
/* End PBXNativeTarget section */

/* Begin PBXProject section */
		4773A54B2CC0F01300CCD0B2 /* Project object */ = {
			isa = PBXProject;
			attributes = {
				BuildIndependentTargetsInParallel = 1;
				LastSwiftUpdateCheck = 1600;
				LastUpgradeCheck = 1600;
				TargetAttributes = {
					172FE59C2CF84C1C00FA3E4C = {
						CreatedOnToolsVersion = 16.0;
					};
					4773A5522CC0F01300CCD0B2 = {
						CreatedOnToolsVersion = 16.0;
					};
					4773A5622CC0F01600CCD0B2 = {
						CreatedOnToolsVersion = 16.0;
						TestTargetID = 4773A5522CC0F01300CCD0B2;
					};
					4773A56C2CC0F01600CCD0B2 = {
						CreatedOnToolsVersion = 16.0;
						TestTargetID = 4773A5522CC0F01300CCD0B2;
					};
				};
			};
			buildConfigurationList = 4773A54E2CC0F01300CCD0B2 /* Build configuration list for PBXProject "GigaNeko" */;
			developmentRegion = en;
			hasScannedForEncodings = 0;
			knownRegions = (
				en,
				Base,
			);
			mainGroup = 4773A54A2CC0F01300CCD0B2;
			minimizedProjectReferenceProxies = 1;
			packageReferences = (
				175F4FAF2CC61DAF00E4E4FE /* XCRemoteSwiftPackageReference "firebase-ios-sdk" */,
			);
			preferredProjectObjectVersion = 77;
			productRefGroup = 4773A5542CC0F01300CCD0B2 /* Products */;
			projectDirPath = "";
			projectRoot = "";
			targets = (
				4773A5522CC0F01300CCD0B2 /* GigaNeko */,
				4773A5622CC0F01600CCD0B2 /* GigaNekoTests */,
				4773A56C2CC0F01600CCD0B2 /* GigaNekoUITests */,
				172FE59C2CF84C1C00FA3E4C /* DataUsageMonitorExtension */,
			);
		};
/* End PBXProject section */

/* Begin PBXResourcesBuildPhase section */
		172FE59B2CF84C1C00FA3E4C /* Resources */ = {
			isa = PBXResourcesBuildPhase;
			buildActionMask = 2147483647;
			files = (
			);
			runOnlyForDeploymentPostprocessing = 0;
		};
		4773A5512CC0F01300CCD0B2 /* Resources */ = {
			isa = PBXResourcesBuildPhase;
			buildActionMask = 2147483647;
			files = (
			);
			runOnlyForDeploymentPostprocessing = 0;
		};
		4773A5612CC0F01600CCD0B2 /* Resources */ = {
			isa = PBXResourcesBuildPhase;
			buildActionMask = 2147483647;
			files = (
			);
			runOnlyForDeploymentPostprocessing = 0;
		};
		4773A56B2CC0F01600CCD0B2 /* Resources */ = {
			isa = PBXResourcesBuildPhase;
			buildActionMask = 2147483647;
			files = (
			);
			runOnlyForDeploymentPostprocessing = 0;
		};
/* End PBXResourcesBuildPhase section */

/* Begin PBXSourcesBuildPhase section */
		172FE5992CF84C1C00FA3E4C /* Sources */ = {
			isa = PBXSourcesBuildPhase;
			buildActionMask = 2147483647;
			files = (
				172FE88F2D0181CE00FA3E4C /* DataUsagePrediction.swift in Sources */,
				172FE5CF2CF951FD00FA3E4C /* SystemDataUsage.swift in Sources */,
				172FE5D12CF9523E00FA3E4C /* MobileDataFunc.swift in Sources */,
				172FEADD2D06CDFC00FA3E4C /* Identifier.swift in Sources */,
				172FE5D72CF958BD00FA3E4C /* UserDefaultsExtension.swift in Sources */,
			);
			runOnlyForDeploymentPostprocessing = 0;
		};
		4773A54F2CC0F01300CCD0B2 /* Sources */ = {
			isa = PBXSourcesBuildPhase;
			buildActionMask = 2147483647;
			files = (
				172FE5CE2CF951FD00FA3E4C /* SystemDataUsage.swift in Sources */,
				172FE5D82CF958BD00FA3E4C /* UserDefaultsExtension.swift in Sources */,
				172FE8902D0181CE00FA3E4C /* DataUsagePrediction.swift in Sources */,
				172FE5D22CF9523E00FA3E4C /* MobileDataFunc.swift in Sources */,
				4720F2A12CFD76530059D56B /* (null) in Sources */,
				172FEADC2D06CDFC00FA3E4C /* Identifier.swift in Sources */,
			);
			runOnlyForDeploymentPostprocessing = 0;
		};
		4773A55F2CC0F01600CCD0B2 /* Sources */ = {
			isa = PBXSourcesBuildPhase;
			buildActionMask = 2147483647;
			files = (
			);
			runOnlyForDeploymentPostprocessing = 0;
		};
		4773A5692CC0F01600CCD0B2 /* Sources */ = {
			isa = PBXSourcesBuildPhase;
			buildActionMask = 2147483647;
			files = (
			);
			runOnlyForDeploymentPostprocessing = 0;
		};
/* End PBXSourcesBuildPhase section */

/* Begin PBXTargetDependency section */
		172FE5B12CF84C1E00FA3E4C /* PBXTargetDependency */ = {
			isa = PBXTargetDependency;
			target = 172FE59C2CF84C1C00FA3E4C /* DataUsageMonitorExtension */;
			targetProxy = 172FE5B02CF84C1E00FA3E4C /* PBXContainerItemProxy */;
		};
		4773A5652CC0F01600CCD0B2 /* PBXTargetDependency */ = {
			isa = PBXTargetDependency;
			target = 4773A5522CC0F01300CCD0B2 /* GigaNeko */;
			targetProxy = 4773A5642CC0F01600CCD0B2 /* PBXContainerItemProxy */;
		};
		4773A56F2CC0F01600CCD0B2 /* PBXTargetDependency */ = {
			isa = PBXTargetDependency;
			target = 4773A5522CC0F01300CCD0B2 /* GigaNeko */;
			targetProxy = 4773A56E2CC0F01600CCD0B2 /* PBXContainerItemProxy */;
		};
/* End PBXTargetDependency section */

/* Begin XCBuildConfiguration section */
		172FE5B42CF84C1E00FA3E4C /* Debug */ = {
			isa = XCBuildConfiguration;
			buildSettings = {
				ASSETCATALOG_COMPILER_GLOBAL_ACCENT_COLOR_NAME = AccentColor;
				ASSETCATALOG_COMPILER_WIDGET_BACKGROUND_COLOR_NAME = WidgetBackground;
				CODE_SIGN_ENTITLEMENTS = DataUsageMonitorExtension.entitlements;
				CODE_SIGN_STYLE = Automatic;
				CURRENT_PROJECT_VERSION = 1;
				DEVELOPMENT_TEAM = 7XT8DJZM65;
				GENERATE_INFOPLIST_FILE = YES;
				INFOPLIST_FILE = DataUsageMonitor/Info.plist;
				INFOPLIST_KEY_CFBundleDisplayName = DataUsageMonitor;
				INFOPLIST_KEY_NSHumanReadableCopyright = "";
				LD_RUNPATH_SEARCH_PATHS = (
					"$(inherited)",
					"@executable_path/Frameworks",
					"@executable_path/../../Frameworks",
				);
				MARKETING_VERSION = 1.0;
				PRODUCT_BUNDLE_IDENTIFIER = hotkyou.GigaNeko.DataUsage;
				PRODUCT_NAME = "$(TARGET_NAME)";
				SKIP_INSTALL = YES;
				SWIFT_EMIT_LOC_STRINGS = YES;
				SWIFT_VERSION = 5.0;
				TARGETED_DEVICE_FAMILY = "1,2";
			};
			name = Debug;
		};
		172FE5B52CF84C1E00FA3E4C /* Release */ = {
			isa = XCBuildConfiguration;
			buildSettings = {
				ASSETCATALOG_COMPILER_GLOBAL_ACCENT_COLOR_NAME = AccentColor;
				ASSETCATALOG_COMPILER_WIDGET_BACKGROUND_COLOR_NAME = WidgetBackground;
				CODE_SIGN_ENTITLEMENTS = DataUsageMonitorExtension.entitlements;
				CODE_SIGN_STYLE = Automatic;
				CURRENT_PROJECT_VERSION = 1;
				DEVELOPMENT_TEAM = 7XT8DJZM65;
				GENERATE_INFOPLIST_FILE = YES;
				INFOPLIST_FILE = DataUsageMonitor/Info.plist;
				INFOPLIST_KEY_CFBundleDisplayName = DataUsageMonitor;
				INFOPLIST_KEY_NSHumanReadableCopyright = "";
				LD_RUNPATH_SEARCH_PATHS = (
					"$(inherited)",
					"@executable_path/Frameworks",
					"@executable_path/../../Frameworks",
				);
				MARKETING_VERSION = 1.0;
				PRODUCT_BUNDLE_IDENTIFIER = hotkyou.GigaNeko.DataUsage;
				PRODUCT_NAME = "$(TARGET_NAME)";
				SKIP_INSTALL = YES;
				SWIFT_EMIT_LOC_STRINGS = YES;
				SWIFT_VERSION = 5.0;
				TARGETED_DEVICE_FAMILY = "1,2";
			};
			name = Release;
		};
		4773A5752CC0F01600CCD0B2 /* Debug */ = {
			isa = XCBuildConfiguration;
			buildSettings = {
				ALWAYS_SEARCH_USER_PATHS = NO;
				ASSETCATALOG_COMPILER_GENERATE_SWIFT_ASSET_SYMBOL_EXTENSIONS = YES;
				CLANG_ANALYZER_NONNULL = YES;
				CLANG_ANALYZER_NUMBER_OBJECT_CONVERSION = YES_AGGRESSIVE;
				CLANG_CXX_LANGUAGE_STANDARD = "gnu++20";
				CLANG_ENABLE_MODULES = YES;
				CLANG_ENABLE_OBJC_ARC = YES;
				CLANG_ENABLE_OBJC_WEAK = YES;
				CLANG_WARN_BLOCK_CAPTURE_AUTORELEASING = YES;
				CLANG_WARN_BOOL_CONVERSION = YES;
				CLANG_WARN_COMMA = YES;
				CLANG_WARN_CONSTANT_CONVERSION = YES;
				CLANG_WARN_DEPRECATED_OBJC_IMPLEMENTATIONS = YES;
				CLANG_WARN_DIRECT_OBJC_ISA_USAGE = YES_ERROR;
				CLANG_WARN_DOCUMENTATION_COMMENTS = YES;
				CLANG_WARN_EMPTY_BODY = YES;
				CLANG_WARN_ENUM_CONVERSION = YES;
				CLANG_WARN_INFINITE_RECURSION = YES;
				CLANG_WARN_INT_CONVERSION = YES;
				CLANG_WARN_NON_LITERAL_NULL_CONVERSION = YES;
				CLANG_WARN_OBJC_IMPLICIT_RETAIN_SELF = YES;
				CLANG_WARN_OBJC_LITERAL_CONVERSION = YES;
				CLANG_WARN_OBJC_ROOT_CLASS = YES_ERROR;
				CLANG_WARN_QUOTED_INCLUDE_IN_FRAMEWORK_HEADER = YES;
				CLANG_WARN_RANGE_LOOP_ANALYSIS = YES;
				CLANG_WARN_STRICT_PROTOTYPES = YES;
				CLANG_WARN_SUSPICIOUS_MOVE = YES;
				CLANG_WARN_UNGUARDED_AVAILABILITY = YES_AGGRESSIVE;
				CLANG_WARN_UNREACHABLE_CODE = YES;
				CLANG_WARN__DUPLICATE_METHOD_MATCH = YES;
				COPY_PHASE_STRIP = NO;
				DEBUG_INFORMATION_FORMAT = dwarf;
				ENABLE_STRICT_OBJC_MSGSEND = YES;
				ENABLE_TESTABILITY = YES;
				ENABLE_USER_SCRIPT_SANDBOXING = YES;
				GCC_C_LANGUAGE_STANDARD = gnu17;
				GCC_DYNAMIC_NO_PIC = NO;
				GCC_NO_COMMON_BLOCKS = YES;
				GCC_OPTIMIZATION_LEVEL = 0;
				GCC_PREPROCESSOR_DEFINITIONS = (
					"DEBUG=1",
					"$(inherited)",
				);
				GCC_WARN_64_TO_32_BIT_CONVERSION = YES;
				GCC_WARN_ABOUT_RETURN_TYPE = YES_ERROR;
				GCC_WARN_UNDECLARED_SELECTOR = YES;
				GCC_WARN_UNINITIALIZED_AUTOS = YES_AGGRESSIVE;
				GCC_WARN_UNUSED_FUNCTION = YES;
				GCC_WARN_UNUSED_VARIABLE = YES;
				IPHONEOS_DEPLOYMENT_TARGET = 18.0;
				LOCALIZATION_PREFERS_STRING_CATALOGS = YES;
				MTL_ENABLE_DEBUG_INFO = INCLUDE_SOURCE;
				MTL_FAST_MATH = YES;
				ONLY_ACTIVE_ARCH = YES;
				SDKROOT = iphoneos;
				SWIFT_ACTIVE_COMPILATION_CONDITIONS = "DEBUG $(inherited)";
				SWIFT_OPTIMIZATION_LEVEL = "-Onone";
			};
			name = Debug;
		};
		4773A5762CC0F01600CCD0B2 /* Release */ = {
			isa = XCBuildConfiguration;
			buildSettings = {
				ALWAYS_SEARCH_USER_PATHS = NO;
				ASSETCATALOG_COMPILER_GENERATE_SWIFT_ASSET_SYMBOL_EXTENSIONS = YES;
				CLANG_ANALYZER_NONNULL = YES;
				CLANG_ANALYZER_NUMBER_OBJECT_CONVERSION = YES_AGGRESSIVE;
				CLANG_CXX_LANGUAGE_STANDARD = "gnu++20";
				CLANG_ENABLE_MODULES = YES;
				CLANG_ENABLE_OBJC_ARC = YES;
				CLANG_ENABLE_OBJC_WEAK = YES;
				CLANG_WARN_BLOCK_CAPTURE_AUTORELEASING = YES;
				CLANG_WARN_BOOL_CONVERSION = YES;
				CLANG_WARN_COMMA = YES;
				CLANG_WARN_CONSTANT_CONVERSION = YES;
				CLANG_WARN_DEPRECATED_OBJC_IMPLEMENTATIONS = YES;
				CLANG_WARN_DIRECT_OBJC_ISA_USAGE = YES_ERROR;
				CLANG_WARN_DOCUMENTATION_COMMENTS = YES;
				CLANG_WARN_EMPTY_BODY = YES;
				CLANG_WARN_ENUM_CONVERSION = YES;
				CLANG_WARN_INFINITE_RECURSION = YES;
				CLANG_WARN_INT_CONVERSION = YES;
				CLANG_WARN_NON_LITERAL_NULL_CONVERSION = YES;
				CLANG_WARN_OBJC_IMPLICIT_RETAIN_SELF = YES;
				CLANG_WARN_OBJC_LITERAL_CONVERSION = YES;
				CLANG_WARN_OBJC_ROOT_CLASS = YES_ERROR;
				CLANG_WARN_QUOTED_INCLUDE_IN_FRAMEWORK_HEADER = YES;
				CLANG_WARN_RANGE_LOOP_ANALYSIS = YES;
				CLANG_WARN_STRICT_PROTOTYPES = YES;
				CLANG_WARN_SUSPICIOUS_MOVE = YES;
				CLANG_WARN_UNGUARDED_AVAILABILITY = YES_AGGRESSIVE;
				CLANG_WARN_UNREACHABLE_CODE = YES;
				CLANG_WARN__DUPLICATE_METHOD_MATCH = YES;
				COPY_PHASE_STRIP = NO;
				DEBUG_INFORMATION_FORMAT = "dwarf-with-dsym";
				ENABLE_NS_ASSERTIONS = NO;
				ENABLE_STRICT_OBJC_MSGSEND = YES;
				ENABLE_USER_SCRIPT_SANDBOXING = YES;
				GCC_C_LANGUAGE_STANDARD = gnu17;
				GCC_NO_COMMON_BLOCKS = YES;
				GCC_WARN_64_TO_32_BIT_CONVERSION = YES;
				GCC_WARN_ABOUT_RETURN_TYPE = YES_ERROR;
				GCC_WARN_UNDECLARED_SELECTOR = YES;
				GCC_WARN_UNINITIALIZED_AUTOS = YES_AGGRESSIVE;
				GCC_WARN_UNUSED_FUNCTION = YES;
				GCC_WARN_UNUSED_VARIABLE = YES;
				IPHONEOS_DEPLOYMENT_TARGET = 18.0;
				LOCALIZATION_PREFERS_STRING_CATALOGS = YES;
				MTL_ENABLE_DEBUG_INFO = NO;
				MTL_FAST_MATH = YES;
				SDKROOT = iphoneos;
				SWIFT_COMPILATION_MODE = wholemodule;
				VALIDATE_PRODUCT = YES;
			};
			name = Release;
		};
		4773A5782CC0F01600CCD0B2 /* Debug */ = {
			isa = XCBuildConfiguration;
			buildSettings = {
				ASSETCATALOG_COMPILER_APPICON_NAME = AppIcon;
				ASSETCATALOG_COMPILER_GLOBAL_ACCENT_COLOR_NAME = AccentColor;
				CODE_SIGN_ENTITLEMENTS = GigaNeko/GigaNeko.entitlements;
				CODE_SIGN_STYLE = Automatic;
				CURRENT_PROJECT_VERSION = 1;
				DEVELOPMENT_ASSET_PATHS = "\"GigaNeko/Preview Content\"";
				DEVELOPMENT_TEAM = 7XT8DJZM65;
				ENABLE_PREVIEWS = YES;
				GENERATE_INFOPLIST_FILE = YES;
				INFOPLIST_FILE = GigaNeko/Info.plist;
				INFOPLIST_KEY_UIApplicationSceneManifest_Generation = YES;
				INFOPLIST_KEY_UIApplicationSupportsIndirectInputEvents = YES;
				INFOPLIST_KEY_UILaunchScreen_Generation = YES;
				INFOPLIST_KEY_UISupportedInterfaceOrientations_iPad = "UIInterfaceOrientationPortrait UIInterfaceOrientationPortraitUpsideDown UIInterfaceOrientationLandscapeLeft UIInterfaceOrientationLandscapeRight";
				INFOPLIST_KEY_UISupportedInterfaceOrientations_iPhone = "UIInterfaceOrientationPortrait UIInterfaceOrientationLandscapeLeft UIInterfaceOrientationLandscapeRight";
				INFOPLIST_KEY_UIUserInterfaceStyle = Light;
				LD_RUNPATH_SEARCH_PATHS = (
					"$(inherited)",
					"@executable_path/Frameworks",
				);
				MARKETING_VERSION = 1.0;
				PRODUCT_BUNDLE_IDENTIFIER = hotkyou.GigaNeko;
				PRODUCT_NAME = "$(TARGET_NAME)";
				SWIFT_EMIT_LOC_STRINGS = YES;
				SWIFT_VERSION = 5.0;
				TARGETED_DEVICE_FAMILY = "1,2";
			};
			name = Debug;
		};
		4773A5792CC0F01600CCD0B2 /* Release */ = {
			isa = XCBuildConfiguration;
			buildSettings = {
				ASSETCATALOG_COMPILER_APPICON_NAME = AppIcon;
				ASSETCATALOG_COMPILER_GLOBAL_ACCENT_COLOR_NAME = AccentColor;
				CODE_SIGN_ENTITLEMENTS = GigaNeko/GigaNeko.entitlements;
				CODE_SIGN_STYLE = Automatic;
				CURRENT_PROJECT_VERSION = 1;
				DEVELOPMENT_ASSET_PATHS = "\"GigaNeko/Preview Content\"";
				DEVELOPMENT_TEAM = 7XT8DJZM65;
				ENABLE_PREVIEWS = YES;
				GENERATE_INFOPLIST_FILE = YES;
				INFOPLIST_FILE = GigaNeko/Info.plist;
				INFOPLIST_KEY_UIApplicationSceneManifest_Generation = YES;
				INFOPLIST_KEY_UIApplicationSupportsIndirectInputEvents = YES;
				INFOPLIST_KEY_UILaunchScreen_Generation = YES;
				INFOPLIST_KEY_UISupportedInterfaceOrientations_iPad = "UIInterfaceOrientationPortrait UIInterfaceOrientationPortraitUpsideDown UIInterfaceOrientationLandscapeLeft UIInterfaceOrientationLandscapeRight";
				INFOPLIST_KEY_UISupportedInterfaceOrientations_iPhone = "UIInterfaceOrientationPortrait UIInterfaceOrientationLandscapeLeft UIInterfaceOrientationLandscapeRight";
				INFOPLIST_KEY_UIUserInterfaceStyle = Light;
				LD_RUNPATH_SEARCH_PATHS = (
					"$(inherited)",
					"@executable_path/Frameworks",
				);
				MARKETING_VERSION = 1.0;
				PRODUCT_BUNDLE_IDENTIFIER = hotkyou.GigaNeko;
				PRODUCT_NAME = "$(TARGET_NAME)";
				SWIFT_EMIT_LOC_STRINGS = YES;
				SWIFT_VERSION = 5.0;
				TARGETED_DEVICE_FAMILY = "1,2";
			};
			name = Release;
		};
		4773A57B2CC0F01600CCD0B2 /* Debug */ = {
			isa = XCBuildConfiguration;
			buildSettings = {
				BUNDLE_LOADER = "$(TEST_HOST)";
				CODE_SIGN_STYLE = Automatic;
				CURRENT_PROJECT_VERSION = 1;
				DEVELOPMENT_TEAM = HB2C2JWPK5;
				GENERATE_INFOPLIST_FILE = YES;
				IPHONEOS_DEPLOYMENT_TARGET = 18.0;
				MARKETING_VERSION = 1.0;
				PRODUCT_BUNDLE_IDENTIFIER = Iccyan21.GigaNekoTests;
				PRODUCT_NAME = "$(TARGET_NAME)";
				SWIFT_EMIT_LOC_STRINGS = NO;
				SWIFT_VERSION = 5.0;
				TARGETED_DEVICE_FAMILY = "1,2";
				TEST_HOST = "$(BUILT_PRODUCTS_DIR)/GigaNeko.app/$(BUNDLE_EXECUTABLE_FOLDER_PATH)/GigaNeko";
			};
			name = Debug;
		};
		4773A57C2CC0F01600CCD0B2 /* Release */ = {
			isa = XCBuildConfiguration;
			buildSettings = {
				BUNDLE_LOADER = "$(TEST_HOST)";
				CODE_SIGN_STYLE = Automatic;
				CURRENT_PROJECT_VERSION = 1;
				DEVELOPMENT_TEAM = HB2C2JWPK5;
				GENERATE_INFOPLIST_FILE = YES;
				IPHONEOS_DEPLOYMENT_TARGET = 18.0;
				MARKETING_VERSION = 1.0;
				PRODUCT_BUNDLE_IDENTIFIER = Iccyan21.GigaNekoTests;
				PRODUCT_NAME = "$(TARGET_NAME)";
				SWIFT_EMIT_LOC_STRINGS = NO;
				SWIFT_VERSION = 5.0;
				TARGETED_DEVICE_FAMILY = "1,2";
				TEST_HOST = "$(BUILT_PRODUCTS_DIR)/GigaNeko.app/$(BUNDLE_EXECUTABLE_FOLDER_PATH)/GigaNeko";
			};
			name = Release;
		};
		4773A57E2CC0F01600CCD0B2 /* Debug */ = {
			isa = XCBuildConfiguration;
			buildSettings = {
				CODE_SIGN_STYLE = Automatic;
				CURRENT_PROJECT_VERSION = 1;
				DEVELOPMENT_TEAM = HB2C2JWPK5;
				GENERATE_INFOPLIST_FILE = YES;
				MARKETING_VERSION = 1.0;
				PRODUCT_BUNDLE_IDENTIFIER = Iccyan21.GigaNekoUITests;
				PRODUCT_NAME = "$(TARGET_NAME)";
				SWIFT_EMIT_LOC_STRINGS = NO;
				SWIFT_VERSION = 5.0;
				TARGETED_DEVICE_FAMILY = "1,2";
				TEST_TARGET_NAME = GigaNeko;
			};
			name = Debug;
		};
		4773A57F2CC0F01600CCD0B2 /* Release */ = {
			isa = XCBuildConfiguration;
			buildSettings = {
				CODE_SIGN_STYLE = Automatic;
				CURRENT_PROJECT_VERSION = 1;
				DEVELOPMENT_TEAM = HB2C2JWPK5;
				GENERATE_INFOPLIST_FILE = YES;
				MARKETING_VERSION = 1.0;
				PRODUCT_BUNDLE_IDENTIFIER = Iccyan21.GigaNekoUITests;
				PRODUCT_NAME = "$(TARGET_NAME)";
				SWIFT_EMIT_LOC_STRINGS = NO;
				SWIFT_VERSION = 5.0;
				TARGETED_DEVICE_FAMILY = "1,2";
				TEST_TARGET_NAME = GigaNeko;
			};
			name = Release;
		};
/* End XCBuildConfiguration section */

/* Begin XCConfigurationList section */
		172FE5B32CF84C1E00FA3E4C /* Build configuration list for PBXNativeTarget "DataUsageMonitorExtension" */ = {
			isa = XCConfigurationList;
			buildConfigurations = (
				172FE5B42CF84C1E00FA3E4C /* Debug */,
				172FE5B52CF84C1E00FA3E4C /* Release */,
			);
			defaultConfigurationIsVisible = 0;
			defaultConfigurationName = Release;
		};
		4773A54E2CC0F01300CCD0B2 /* Build configuration list for PBXProject "GigaNeko" */ = {
			isa = XCConfigurationList;
			buildConfigurations = (
				4773A5752CC0F01600CCD0B2 /* Debug */,
				4773A5762CC0F01600CCD0B2 /* Release */,
			);
			defaultConfigurationIsVisible = 0;
			defaultConfigurationName = Release;
		};
		4773A5772CC0F01600CCD0B2 /* Build configuration list for PBXNativeTarget "GigaNeko" */ = {
			isa = XCConfigurationList;
			buildConfigurations = (
				4773A5782CC0F01600CCD0B2 /* Debug */,
				4773A5792CC0F01600CCD0B2 /* Release */,
			);
			defaultConfigurationIsVisible = 0;
			defaultConfigurationName = Release;
		};
		4773A57A2CC0F01600CCD0B2 /* Build configuration list for PBXNativeTarget "GigaNekoTests" */ = {
			isa = XCConfigurationList;
			buildConfigurations = (
				4773A57B2CC0F01600CCD0B2 /* Debug */,
				4773A57C2CC0F01600CCD0B2 /* Release */,
			);
			defaultConfigurationIsVisible = 0;
			defaultConfigurationName = Release;
		};
		4773A57D2CC0F01600CCD0B2 /* Build configuration list for PBXNativeTarget "GigaNekoUITests" */ = {
			isa = XCConfigurationList;
			buildConfigurations = (
				4773A57E2CC0F01600CCD0B2 /* Debug */,
				4773A57F2CC0F01600CCD0B2 /* Release */,
			);
			defaultConfigurationIsVisible = 0;
			defaultConfigurationName = Release;
		};
/* End XCConfigurationList section */

/* Begin XCRemoteSwiftPackageReference section */
		175F4FAF2CC61DAF00E4E4FE /* XCRemoteSwiftPackageReference "firebase-ios-sdk" */ = {
			isa = XCRemoteSwiftPackageReference;
			repositoryURL = "https://github.com/firebase/firebase-ios-sdk.git";
			requirement = {
				kind = upToNextMajorVersion;
				minimumVersion = 11.3.0;
			};
		};
/* End XCRemoteSwiftPackageReference section */

/* Begin XCSwiftPackageProductDependency section */
		1702AFB62CE5DBFF00E25CD2 /* FirebaseAnalytics */ = {
			isa = XCSwiftPackageProductDependency;
			package = 175F4FAF2CC61DAF00E4E4FE /* XCRemoteSwiftPackageReference "firebase-ios-sdk" */;
			productName = FirebaseAnalytics;
		};
		175F4FB22CC61DAF00E4E4FE /* FirebaseCore */ = {
			isa = XCSwiftPackageProductDependency;
			package = 175F4FAF2CC61DAF00E4E4FE /* XCRemoteSwiftPackageReference "firebase-ios-sdk" */;
			productName = FirebaseCore;
		};
/* End XCSwiftPackageProductDependency section */
	};
	rootObject = 4773A54B2CC0F01300CCD0B2 /* Project object */;
}
